
Microsoft Visual Studio Solution File, Format Version 12.00
# Visual Studio Version 17
VisualStudioVersion = 17.2.32210.308
MinimumVisualStudioVersion = 10.0.40219.1
Project("{9A19103F-16F7-4668-BE54-9A1E7A4F7556}") = "Sulakore", "Sulakore\Sulakore.csproj", "{2B000104-0C79-4F22-893E-3867F9BC15D9}"
EndProject
Project("{9A19103F-16F7-4668-BE54-9A1E7A4F7556}") = "Sulakore.Generators", "Sulakore.Generators\Sulakore.Generators.csproj", "{296C3C71-D370-426F-9020-DFDCC881AFDB}"
EndProject
Project("{9A19103F-16F7-4668-BE54-9A1E7A4F7556}") = "Sulakore.Tests", "Sulakore.Tests\Sulakore.Tests.csproj", "{F3B0C9EA-7A96-4C6D-89A6-780FD4443E4B}"
EndProject
Global
	GlobalSection(SolutionConfigurationPlatforms) = preSolution
		Debug|Any CPU = Debug|Any CPU
		Release|Any CPU = Release|Any CPU
	EndGlobalSection
	GlobalSection(ProjectConfigurationPlatforms) = postSolution
		{2B000104-0C79-4F22-893E-3867F9BC15D9}.Debug|Any CPU.ActiveCfg = Debug|Any CPU
		{2B000104-0C79-4F22-893E-3867F9BC15D9}.Debug|Any CPU.Build.0 = Debug|Any CPU
		{2B000104-0C79-4F22-893E-3867F9BC15D9}.Release|Any CPU.ActiveCfg = Release|Any CPU
		{2B000104-0C79-4F22-893E-3867F9BC15D9}.Release|Any CPU.Build.0 = Release|Any CPU
		{296C3C71-D370-426F-9020-DFDCC881AFDB}.Debug|Any CPU.ActiveCfg = Debug|Any CPU
		{296C3C71-D370-426F-9020-DFDCC881AFDB}.Debug|Any CPU.Build.0 = Debug|Any CPU
		{296C3C71-D370-426F-9020-DFDCC881AFDB}.Release|Any CPU.ActiveCfg = Release|Any CPU
		{296C3C71-D370-426F-9020-DFDCC881AFDB}.Release|Any CPU.Build.0 = Release|Any CPU
		{F3B0C9EA-7A96-4C6D-89A6-780FD4443E4B}.Debug|Any CPU.ActiveCfg = Debug|Any CPU
		{F3B0C9EA-7A96-4C6D-89A6-780FD4443E4B}.Debug|Any CPU.Build.0 = Debug|Any CPU
		{F3B0C9EA-7A96-4C6D-89A6-780FD4443E4B}.Release|Any CPU.ActiveCfg = Release|Any CPU
		{F3B0C9EA-7A96-4C6D-89A6-780FD4443E4B}.Release|Any CPU.Build.0 = Release|Any CPU
	EndGlobalSection
	GlobalSection(SolutionProperties) = preSolution
		HideSolutionNode = FALSE
	EndGlobalSection
	GlobalSection(ExtensibilityGlobals) = postSolution
		SolutionGuid = {EA8502C8-1A57-40FF-8CFF-0FBD294FB29E}
	EndGlobalSection
EndGlobal
